Microsoft Visual Studio Solution File, Format Version 12.00
# Visual Studio 15
VisualStudioVersion = 15.0.27130.0
MinimumVisualStudioVersion = 10.0.40219.1
Project("{9A19103F-16F7-4668-BE54-9A1E7A4F7556}") = "ProjectName", "src\ProjectName\ProjectName.csproj", "{E1BF8BA1-9E9D-4E27-83FC-777B8D14F806}"
EndProject
Project("{9A19103F-16F7-4668-BE54-9A1E7A4F7556}") = "ProjectName.Tests", "tests\ProjectName.Tests\ProjectName.Tests.csproj", "{DF559AD1-5287-43B1-AB47-61B6F342B0FE}"
EndProject
Project("{2150E333-8FDC-42A3-9474-1A3956D46DE8}") = "Solution Items", "Solution Items", "{028A6C6D-8F8F-4A91-A063-45FFCF892109}"
	ProjectSection(SolutionItems) = preProject
		.editorconfig = .editorconfig
		.gitattributes = .gitattributes
		.gitignore = .gitignore
		appveyor.yml = appveyor.yml
		build.cmd = build.cmd
		build.sh = build.sh
		CONTRIBUTING.md = CONTRIBUTING.md
		LICENSE = LICENSE
		README.md = README.md
		VersionHistory.md = VersionHistory.md
	EndProjectSection
EndProject
Project("{2150E333-8FDC-42A3-9474-1A3956D46DE8}") = "src", "src", "{54F18B7A-A267-4D4C-928F-16F46BC2A9FA}"
	ProjectSection(SolutionItems) = preProject
		src\Directory.Build.props = src\Directory.Build.props
	EndProjectSection
EndProject
Project("{2150E333-8FDC-42A3-9474-1A3956D46DE8}") = "tests", "tests", "{A2FB7FB9-0779-4E9A-87A7-455C1DC2F0B8}"
	ProjectSection(SolutionItems) = preProject
		tests\Directory.Build.props = tests\Directory.Build.props
	EndProjectSection
EndProject
Project("{9A19103F-16F7-4668-BE54-9A1E7A4F7556}") = "Build", "tools\Build\Build.csproj", "{CBD807B4-F49F-4DD1-BC9A-359E90EA913F}"
EndProject
Project("{2150E333-8FDC-42A3-9474-1A3956D46DE8}") = "tools", "tools", "{8412402D-21B9-4DF8-BF74-3506AA41D5CD}"
	ProjectSection(SolutionItems) = preProject
		tools\Directory.Build.props = tools\Directory.Build.props
	EndProjectSection
EndProject
Global
	GlobalSection(SolutionConfigurationPlatforms) = preSolution
		Debug|Any CPU = Debug|Any CPU
		Release|Any CPU = Release|Any CPU
	EndGlobalSection
	GlobalSection(ProjectConfigurationPlatforms) = postSolution
		{E1BF8BA1-9E9D-4E27-83FC-777B8D14F806}.Debug|Any CPU.ActiveCfg = Debug|Any CPU
		{E1BF8BA1-9E9D-4E27-83FC-777B8D14F806}.Debug|Any CPU.Build.0 = Debug|Any CPU
		{E1BF8BA1-9E9D-4E27-83FC-777B8D14F806}.Release|Any CPU.ActiveCfg = Release|Any CPU
		{E1BF8BA1-9E9D-4E27-83FC-777B8D14F806}.Release|Any CPU.Build.0 = Release|Any CPU
		{DF559AD1-5287-43B1-AB47-61B6F342B0FE}.Debug|Any CPU.ActiveCfg = Debug|Any CPU
		{DF559AD1-5287-43B1-AB47-61B6F342B0FE}.Debug|Any CPU.Build.0 = Debug|Any CPU
		{DF559AD1-5287-43B1-AB47-61B6F342B0FE}.Release|Any CPU.ActiveCfg = Release|Any CPU
		{DF559AD1-5287-43B1-AB47-61B6F342B0FE}.Release|Any CPU.Build.0 = Release|Any CPU
		{CBD807B4-F49F-4DD1-BC9A-359E90EA913F}.Debug|Any CPU.ActiveCfg = Debug|Any CPU
		{CBD807B4-F49F-4DD1-BC9A-359E90EA913F}.Debug|Any CPU.Build.0 = Debug|Any CPU
		{CBD807B4-F49F-4DD1-BC9A-359E90EA913F}.Release|Any CPU.ActiveCfg = Release|Any CPU
		{CBD807B4-F49F-4DD1-BC9A-359E90EA913F}.Release|Any CPU.Build.0 = Release|Any CPU
	EndGlobalSection
	GlobalSection(SolutionProperties) = preSolution
		HideSolutionNode = FALSE
	EndGlobalSection
	GlobalSection(NestedProjects) = preSolution
		{54F18B7A-A267-4D4C-928F-16F46BC2A9FA} = {028A6C6D-8F8F-4A91-A063-45FFCF892109}
		{A2FB7FB9-0779-4E9A-87A7-455C1DC2F0B8} = {028A6C6D-8F8F-4A91-A063-45FFCF892109}
		{8412402D-21B9-4DF8-BF74-3506AA41D5CD} = {028A6C6D-8F8F-4A91-A063-45FFCF892109}
	EndGlobalSection
	GlobalSection(ExtensibilityGlobals) = postSolution
		SolutionGuid = {6D621D28-8AB2-41C2-AA99-AE2225542E17}
	EndGlobalSection
EndGlobal
