Microsoft Visual Studio Solution File, Format Version 12.00
# Visual Studio Version 16
VisualStudioVersion = 16.0.29324.140
MinimumVisualStudioVersion = 10.0.40219.1
Project("{9A19103F-16F7-4668-BE54-9A1E7A4F7556}") = "XmlDocMarkdown.Core", "src\XmlDocMarkdown.Core\XmlDocMarkdown.Core.csproj", "{AB8545BC-43CD-4E55-BCA5-6FF239D08047}"
EndProject
Project("{9A19103F-16F7-4668-BE54-9A1E7A4F7556}") = "XmlDocMarkdown", "src\XmlDocMarkdown\XmlDocMarkdown.csproj", "{D1ED4B64-41E6-47DC-9CA6-86D0EE303323}"
EndProject
Project("{9A19103F-16F7-4668-BE54-9A1E7A4F7556}") = "ExampleAssembly", "tools\ExampleAssembly\ExampleAssembly.csproj", "{A2A20621-33DB-41CE-95E7-37480968F3B3}"
EndProject
Project("{9A19103F-16F7-4668-BE54-9A1E7A4F7556}") = "XmlDocMarkdown.Tests", "tests\XmlDocMarkdown.Tests\XmlDocMarkdown.Tests.csproj", "{62914CA9-ECF5-455A-9E59-0F7128CAE7BF}"
EndProject
Project("{9A19103F-16F7-4668-BE54-9A1E7A4F7556}") = "Cake.XmlDocMarkdown", "src\Cake.XmlDocMarkdown\Cake.XmlDocMarkdown.csproj", "{0AF70790-11F5-4445-B79C-97EA61A828C3}"
EndProject
Project("{9A19103F-16F7-4668-BE54-9A1E7A4F7556}") = "XmlDocTarget", "tools\XmlDocTarget\XmlDocTarget.csproj", "{9076EBBA-E2EF-468C-9139-4B67E4FC69FE}"
EndProject
Project("{9A19103F-16F7-4668-BE54-9A1E7A4F7556}") = "xmldocmd", "src\xmldocmd\xmldocmd.csproj", "{9A94F733-DCBA-457F-AB0C-F33640773802}"
EndProject
Project("{9A19103F-16F7-4668-BE54-9A1E7A4F7556}") = "Build", "tools\Build\Build.csproj", "{D787BB4B-8E32-4155-B855-9B06D1CA5FED}"
EndProject
Project("{2150E333-8FDC-42A3-9474-1A3956D46DE8}") = "Solution Items", "Solution Items", "{79C28083-1FE9-45CA-A22F-E19E5D3905B4}"
	ProjectSection(SolutionItems) = preProject
		.editorconfig = .editorconfig
		.gitattributes = .gitattributes
		.gitignore = .gitignore
		build.cmd = build.cmd
		build.sh = build.sh
		.github\workflows\build.yaml = .github\workflows\build.yaml
		CONTRIBUTING.md = CONTRIBUTING.md
		Directory.Build.props = Directory.Build.props
		LICENSE = LICENSE
		README.md = README.md
		VersionHistory.md = VersionHistory.md
	EndProjectSection
EndProject
Global
	GlobalSection(SolutionConfigurationPlatforms) = preSolution
		Debug|Any CPU = Debug|Any CPU
		Release|Any CPU = Release|Any CPU
	EndGlobalSection
	GlobalSection(ProjectConfigurationPlatforms) = postSolution
		{AB8545BC-43CD-4E55-BCA5-6FF239D08047}.Debug|Any CPU.ActiveCfg = Debug|Any CPU
		{AB8545BC-43CD-4E55-BCA5-6FF239D08047}.Debug|Any CPU.Build.0 = Debug|Any CPU
		{AB8545BC-43CD-4E55-BCA5-6FF239D08047}.Release|Any CPU.ActiveCfg = Release|Any CPU
		{AB8545BC-43CD-4E55-BCA5-6FF239D08047}.Release|Any CPU.Build.0 = Release|Any CPU
		{D1ED4B64-41E6-47DC-9CA6-86D0EE303323}.Debug|Any CPU.ActiveCfg = Debug|Any CPU
		{D1ED4B64-41E6-47DC-9CA6-86D0EE303323}.Debug|Any CPU.Build.0 = Debug|Any CPU
		{D1ED4B64-41E6-47DC-9CA6-86D0EE303323}.Release|Any CPU.ActiveCfg = Release|Any CPU
		{D1ED4B64-41E6-47DC-9CA6-86D0EE303323}.Release|Any CPU.Build.0 = Release|Any CPU
		{A2A20621-33DB-41CE-95E7-37480968F3B3}.Debug|Any CPU.ActiveCfg = Debug|Any CPU
		{A2A20621-33DB-41CE-95E7-37480968F3B3}.Debug|Any CPU.Build.0 = Debug|Any CPU
		{A2A20621-33DB-41CE-95E7-37480968F3B3}.Release|Any CPU.ActiveCfg = Release|Any CPU
		{A2A20621-33DB-41CE-95E7-37480968F3B3}.Release|Any CPU.Build.0 = Release|Any CPU
		{62914CA9-ECF5-455A-9E59-0F7128CAE7BF}.Debug|Any CPU.ActiveCfg = Debug|Any CPU
		{62914CA9-ECF5-455A-9E59-0F7128CAE7BF}.Debug|Any CPU.Build.0 = Debug|Any CPU
		{62914CA9-ECF5-455A-9E59-0F7128CAE7BF}.Release|Any CPU.ActiveCfg = Release|Any CPU
		{62914CA9-ECF5-455A-9E59-0F7128CAE7BF}.Release|Any CPU.Build.0 = Release|Any CPU
		{0AF70790-11F5-4445-B79C-97EA61A828C3}.Debug|Any CPU.ActiveCfg = Debug|Any CPU
		{0AF70790-11F5-4445-B79C-97EA61A828C3}.Debug|Any CPU.Build.0 = Debug|Any CPU
		{0AF70790-11F5-4445-B79C-97EA61A828C3}.Release|Any CPU.ActiveCfg = Release|Any CPU
		{0AF70790-11F5-4445-B79C-97EA61A828C3}.Release|Any CPU.Build.0 = Release|Any CPU
		{9076EBBA-E2EF-468C-9139-4B67E4FC69FE}.Debug|Any CPU.ActiveCfg = Debug|Any CPU
		{9076EBBA-E2EF-468C-9139-4B67E4FC69FE}.Debug|Any CPU.Build.0 = Debug|Any CPU
		{9076EBBA-E2EF-468C-9139-4B67E4FC69FE}.Release|Any CPU.ActiveCfg = Release|Any CPU
		{9076EBBA-E2EF-468C-9139-4B67E4FC69FE}.Release|Any CPU.Build.0 = Release|Any CPU
		{9A94F733-DCBA-457F-AB0C-F33640773802}.Debug|Any CPU.ActiveCfg = Debug|Any CPU
		{9A94F733-DCBA-457F-AB0C-F33640773802}.Debug|Any CPU.Build.0 = Debug|Any CPU
		{9A94F733-DCBA-457F-AB0C-F33640773802}.Release|Any CPU.ActiveCfg = Release|Any CPU
		{9A94F733-DCBA-457F-AB0C-F33640773802}.Release|Any CPU.Build.0 = Release|Any CPU
		{D787BB4B-8E32-4155-B855-9B06D1CA5FED}.Debug|Any CPU.ActiveCfg = Debug|Any CPU
		{D787BB4B-8E32-4155-B855-9B06D1CA5FED}.Debug|Any CPU.Build.0 = Debug|Any CPU
		{D787BB4B-8E32-4155-B855-9B06D1CA5FED}.Release|Any CPU.ActiveCfg = Release|Any CPU
		{D787BB4B-8E32-4155-B855-9B06D1CA5FED}.Release|Any CPU.Build.0 = Release|Any CPU
	EndGlobalSection
	GlobalSection(SolutionProperties) = preSolution
		HideSolutionNode = FALSE
	EndGlobalSection
	GlobalSection(ExtensibilityGlobals) = postSolution
		SolutionGuid = {EF4B9831-B099-48EE-ACEC-0BED47DDE8D1}
	EndGlobalSection
EndGlobal
